
Microsoft Visual Studio Solution File, Format Version 12.00
# Visual Studio Version 16
VisualStudioVersion = 16.0.30711.63
MinimumVisualStudioVersion = 10.0.40219.1
Project("{FAE04EC0-301F-11D3-BF4B-00C04F79EFBC}") = "AngularFirstSteps", "AngularFirstSteps.csproj", "{B6C8BE6F-7CB1-4D5F-892F-E544A0E8ECCF}"
EndProject
Global
	GlobalSection(SolutionConfigurationPlatforms) = preSolution
		Debug|Any CPU = Debug|Any CPU
		Release|Any CPU = Release|Any CPU
	EndGlobalSection
	GlobalSection(ProjectConfigurationPlatforms) = postSolution
		{B6C8BE6F-7CB1-4D5F-892F-E544A0E8ECCF}.Debug|Any CPU.ActiveCfg = Debug|Any CPU
		{B6C8BE6F-7CB1-4D5F-892F-E544A0E8ECCF}.Debug|Any CPU.Build.0 = Debug|Any CPU
		{B6C8BE6F-7CB1-4D5F-892F-E544A0E8ECCF}.Release|Any CPU.ActiveCfg = Release|Any CPU
		{B6C8BE6F-7CB1-4D5F-892F-E544A0E8ECCF}.Release|Any CPU.Build.0 = Release|Any CPU
	EndGlobalSection
	GlobalSection(SolutionProperties) = preSolution
		HideSolutionNode = FALSE
	EndGlobalSection
	GlobalSection(ExtensibilityGlobals) = postSolution
		SolutionGuid = {B8192DE1-1697-430F-ADB4-9B070FA9B4AF}
	EndGlobalSection
EndGlobal
